
Microsoft Visual Studio Solution File, Format Version 12.00
# Visual Studio 15
VisualStudioVersion = 15.0.27703.2026
MinimumVisualStudioVersion = 10.0.40219.1
Project("{FAE04EC0-301F-11D3-BF4B-00C04F79EFBC}") = "Tic-Tac-Toe_WPF", "Tic-Tac-Toe_WPF\Tic-Tac-Toe_WPF.csproj", "{AC383E41-A431-4D54-8955-B20F5A1162DF}"
EndProject
Global
	GlobalSection(SolutionConfigurationPlatforms) = preSolution
		Debug|Any CPU = Debug|Any CPU
		Release|Any CPU = Release|Any CPU
	EndGlobalSection
	GlobalSection(ProjectConfigurationPlatforms) = postSolution
		{AC383E41-A431-4D54-8955-B20F5A1162DF}.Debug|Any CPU.ActiveCfg = Debug|Any CPU
		{AC383E41-A431-4D54-8955-B20F5A1162DF}.Debug|Any CPU.Build.0 = Debug|Any CPU
		{AC383E41-A431-4D54-8955-B20F5A1162DF}.Release|Any CPU.ActiveCfg = Release|Any CPU
		{AC383E41-A431-4D54-8955-B20F5A1162DF}.Release|Any CPU.Build.0 = Release|Any CPU
	EndGlobalSection
	GlobalSection(SolutionProperties) = preSolution
		HideSolutionNode = FALSE
	EndGlobalSection
	GlobalSection(ExtensibilityGlobals) = postSolution
		SolutionGuid = {49020AD0-0A1C-49A5-84DE-47E66585ED5E}
	EndGlobalSection
EndGlobal
